Microsoft Visual Studio Solution File, Format Version 12.00
# Visual Studio Version 17
VisualStudioVersion = 17.5.2.0
MinimumVisualStudioVersion = 10.0.40219.1
Project("{FAE04EC0-301F-11D3-BF4B-00C04F79EFBC}") = "AnalizerClassLibrary", "AnalizerClassLibrary.csproj", "{28D27784-D8EF-42FD-9E46-C85481F20F20}"
EndProject
Project("{FAE04EC0-301F-11D3-BF4B-00C04F79EFBC}") = "AnalyzerTests", "..\UnitTestProject1\AnalyzerTests.csproj", "{A443387B-5814-4292-9417-920B58BDD0CF}"
	ProjectSection(ProjectDependencies) = postProject
		{28D27784-D8EF-42FD-9E46-C85481F20F20} = {28D27784-D8EF-42FD-9E46-C85481F20F20}
	EndProjectSection
EndProject
Global
	GlobalSection(SolutionConfigurationPlatforms) = preSolution
		Debug|Any CPU = Debug|Any CPU
		Release|Any CPU = Release|Any CPU
	EndGlobalSection
	GlobalSection(ProjectConfigurationPlatforms) = postSolution
		{28D27784-D8EF-42FD-9E46-C85481F20F20}.Debug|Any CPU.ActiveCfg = Debug|Any CPU
		{28D27784-D8EF-42FD-9E46-C85481F20F20}.Debug|Any CPU.Build.0 = Debug|Any CPU
		{28D27784-D8EF-42FD-9E46-C85481F20F20}.Release|Any CPU.ActiveCfg = Release|Any CPU
		{28D27784-D8EF-42FD-9E46-C85481F20F20}.Release|Any CPU.Build.0 = Release|Any CPU
		{A443387B-5814-4292-9417-920B58BDD0CF}.Debug|Any CPU.ActiveCfg = Debug|Any CPU
		{A443387B-5814-4292-9417-920B58BDD0CF}.Debug|Any CPU.Build.0 = Debug|Any CPU
		{A443387B-5814-4292-9417-920B58BDD0CF}.Release|Any CPU.ActiveCfg = Release|Any CPU
		{A443387B-5814-4292-9417-920B58BDD0CF}.Release|Any CPU.Build.0 = Release|Any CPU
	EndGlobalSection
	GlobalSection(SolutionProperties) = preSolution
		HideSolutionNode = FALSE
	EndGlobalSection
	GlobalSection(ExtensibilityGlobals) = postSolution
		SolutionGuid = {8CBF23A7-F851-4787-9DC7-B9A01FD514D9}
	EndGlobalSection
EndGlobal
